
Microsoft Visual Studio Solution File, Format Version 12.00
# Visual Studio Version 16
VisualStudioVersion = 16.0.29519.181
MinimumVisualStudioVersion = 15.0.26124.0
Project("{2150E333-8FDC-42A3-9474-1A3956D46DE8}") = "src", "src", "{AA2FB432-E02B-4E22-A608-84E7C062269B}"
EndProject
Project("{9A19103F-16F7-4668-BE54-9A1E7A4F7556}") = "IdentityServer4Spike", "src\IdentityServer4\IdentityServer4Spike.csproj", "{CEF271C3-ACE7-475F-A42E-20C059C8059F}"
EndProject
Project("{FAE04EC0-301F-11D3-BF4B-00C04F79EFBC}") = "Api", "src\Api\Api.csproj", "{8C525008-F2B9-431E-BB46-80624B9C814E}"
EndProject
Project("{FAE04EC0-301F-11D3-BF4B-00C04F79EFBC}") = "Client", "src\Client\Client.csproj", "{6A8B5B62-0F45-4156-916D-0007C785D222}"
EndProject
Global
	GlobalSection(SolutionConfigurationPlatforms) = preSolution
		Debug|Any CPU = Debug|Any CPU
		Debug|x64 = Debug|x64
		Debug|x86 = Debug|x86
		Release|Any CPU = Release|Any CPU
		Release|x64 = Release|x64
		Release|x86 = Release|x86
	EndGlobalSection
	GlobalSection(ProjectConfigurationPlatforms) = postSolution
		{CEF271C3-ACE7-475F-A42E-20C059C8059F}.Debug|Any CPU.ActiveCfg = Debug|Any CPU
		{CEF271C3-ACE7-475F-A42E-20C059C8059F}.Debug|Any CPU.Build.0 = Debug|Any CPU
		{CEF271C3-ACE7-475F-A42E-20C059C8059F}.Debug|x64.ActiveCfg = Debug|Any CPU
		{CEF271C3-ACE7-475F-A42E-20C059C8059F}.Debug|x64.Build.0 = Debug|Any CPU
		{CEF271C3-ACE7-475F-A42E-20C059C8059F}.Debug|x86.ActiveCfg = Debug|Any CPU
		{CEF271C3-ACE7-475F-A42E-20C059C8059F}.Debug|x86.Build.0 = Debug|Any CPU
		{CEF271C3-ACE7-475F-A42E-20C059C8059F}.Release|Any CPU.ActiveCfg = Release|Any CPU
		{CEF271C3-ACE7-475F-A42E-20C059C8059F}.Release|Any CPU.Build.0 = Release|Any CPU
		{CEF271C3-ACE7-475F-A42E-20C059C8059F}.Release|x64.ActiveCfg = Release|Any CPU
		{CEF271C3-ACE7-475F-A42E-20C059C8059F}.Release|x64.Build.0 = Release|Any CPU
		{CEF271C3-ACE7-475F-A42E-20C059C8059F}.Release|x86.ActiveCfg = Release|Any CPU
		{CEF271C3-ACE7-475F-A42E-20C059C8059F}.Release|x86.Build.0 = Release|Any CPU
		{8C525008-F2B9-431E-BB46-80624B9C814E}.Debug|Any CPU.ActiveCfg = Debug|Any CPU
		{8C525008-F2B9-431E-BB46-80624B9C814E}.Debug|Any CPU.Build.0 = Debug|Any CPU
		{8C525008-F2B9-431E-BB46-80624B9C814E}.Debug|x64.ActiveCfg = Debug|Any CPU
		{8C525008-F2B9-431E-BB46-80624B9C814E}.Debug|x64.Build.0 = Debug|Any CPU
		{8C525008-F2B9-431E-BB46-80624B9C814E}.Debug|x86.ActiveCfg = Debug|Any CPU
		{8C525008-F2B9-431E-BB46-80624B9C814E}.Debug|x86.Build.0 = Debug|Any CPU
		{8C525008-F2B9-431E-BB46-80624B9C814E}.Release|Any CPU.ActiveCfg = Release|Any CPU
		{8C525008-F2B9-431E-BB46-80624B9C814E}.Release|Any CPU.Build.0 = Release|Any CPU
		{8C525008-F2B9-431E-BB46-80624B9C814E}.Release|x64.ActiveCfg = Release|Any CPU
		{8C525008-F2B9-431E-BB46-80624B9C814E}.Release|x64.Build.0 = Release|Any CPU
		{8C525008-F2B9-431E-BB46-80624B9C814E}.Release|x86.ActiveCfg = Release|Any CPU
		{8C525008-F2B9-431E-BB46-80624B9C814E}.Release|x86.Build.0 = Release|Any CPU
		{6A8B5B62-0F45-4156-916D-0007C785D222}.Debug|Any CPU.ActiveCfg = Debug|Any CPU
		{6A8B5B62-0F45-4156-916D-0007C785D222}.Debug|Any CPU.Build.0 = Debug|Any CPU
		{6A8B5B62-0F45-4156-916D-0007C785D222}.Debug|x64.ActiveCfg = Debug|Any CPU
		{6A8B5B62-0F45-4156-916D-0007C785D222}.Debug|x64.Build.0 = Debug|Any CPU
		{6A8B5B62-0F45-4156-916D-0007C785D222}.Debug|x86.ActiveCfg = Debug|Any CPU
		{6A8B5B62-0F45-4156-916D-0007C785D222}.Debug|x86.Build.0 = Debug|Any CPU
		{6A8B5B62-0F45-4156-916D-0007C785D222}.Release|Any CPU.ActiveCfg = Release|Any CPU
		{6A8B5B62-0F45-4156-916D-0007C785D222}.Release|Any CPU.Build.0 = Release|Any CPU
		{6A8B5B62-0F45-4156-916D-0007C785D222}.Release|x64.ActiveCfg = Release|Any CPU
		{6A8B5B62-0F45-4156-916D-0007C785D222}.Release|x64.Build.0 = Release|Any CPU
		{6A8B5B62-0F45-4156-916D-0007C785D222}.Release|x86.ActiveCfg = Release|Any CPU
		{6A8B5B62-0F45-4156-916D-0007C785D222}.Release|x86.Build.0 = Release|Any CPU
	EndGlobalSection
	GlobalSection(SolutionProperties) = preSolution
		HideSolutionNode = FALSE
	EndGlobalSection
	GlobalSection(NestedProjects) = preSolution
		{CEF271C3-ACE7-475F-A42E-20C059C8059F} = {AA2FB432-E02B-4E22-A608-84E7C062269B}
		{8C525008-F2B9-431E-BB46-80624B9C814E} = {AA2FB432-E02B-4E22-A608-84E7C062269B}
		{6A8B5B62-0F45-4156-916D-0007C785D222} = {AA2FB432-E02B-4E22-A608-84E7C062269B}
	EndGlobalSection
	GlobalSection(ExtensibilityGlobals) = postSolution
		SolutionGuid = {6C3AECEE-59A9-42EF-835E-A6750A6CC63F}
	EndGlobalSection
EndGlobal
